
Microsoft Visual Studio Solution File, Format Version 12.00
Project("{FAE04EC0-301F-11D3-BF4B-00C04F79EFBC}") = "AnimeTickets", "AnimeTickets\AnimeTickets.csproj", "{17B6C9F3-B817-490C-B496-CECF0D22FE6A}"
EndProject
Global
	GlobalSection(SolutionConfigurationPlatforms) = preSolution
		Debug|Any CPU = Debug|Any CPU
		Release|Any CPU = Release|Any CPU
	EndGlobalSection
	GlobalSection(ProjectConfigurationPlatforms) = postSolution
		{17B6C9F3-B817-490C-B496-CECF0D22FE6A}.Debug|Any CPU.ActiveCfg = Debug|Any CPU
		{17B6C9F3-B817-490C-B496-CECF0D22FE6A}.Debug|Any CPU.Build.0 = Debug|Any CPU
		{17B6C9F3-B817-490C-B496-CECF0D22FE6A}.Release|Any CPU.ActiveCfg = Release|Any CPU
		{17B6C9F3-B817-490C-B496-CECF0D22FE6A}.Release|Any CPU.Build.0 = Release|Any CPU
	EndGlobalSection
EndGlobal
